// !$*UTF8*$!
{
	archiveVersion = 1;
	classes = {
	};
	objectVersion = 55;
	objects = {

/* Begin PBXBuildFile section */
		101AC6E3280C474400B3F87E /* AppDelegate.swift in Sources */ = {isa = PBXBuildFile; fileRef = 101AC6E2280C474400B3F87E /* AppDelegate.swift */; };
		101AC6E5280C474400B3F87E /* SceneDelegate.swift in Sources */ = {isa = PBXBuildFile; fileRef = 101AC6E4280C474400B3F87E /* SceneDelegate.swift */; };
		101AC6E7280C474400B3F87E /* ViewController.swift in Sources */ = {isa = PBXBuildFile; fileRef = 101AC6E6280C474400B3F87E /* ViewController.swift */; };
		101AC6EA280C474400B3F87E /* Main.storyboard in Resources */ = {isa = PBXBuildFile; fileRef = 101AC6E8280C474400B3F87E /* Main.storyboard */; };
		101AC6EC280C474500B3F87E /* Assets.xcassets in Resources */ = {isa = PBXBuildFile; fileRef = 101AC6EB280C474500B3F87E /* Assets.xcassets */; };
		101AC6EF280C474500B3F87E /* LaunchScreen.storyboard in Resources */ = {isa = PBXBuildFile; fileRef = 101AC6ED280C474500B3F87E /* LaunchScreen.storyboard */; };
		E2A614D10D4D553DC4B1AB6F /* Pods_AlamofireNetwork.framework in Frameworks */ = {isa = PBXBuildFile; fileRef = 0619FC8A6A7527655B3EDF41 /* Pods_AlamofireNetwork.framework */; };
/* End PBXBuildFile section */

/* Begin PBXFileReference section */
		0619FC8A6A7527655B3EDF41 /* Pods_AlamofireNetwork.framework */ = {isa = PBXFileReference; explicitFileType = wrapper.framework; includeInIndex = 0; path = Pods_AlamofireNetwork.framework; sourceTree = BUILT_PRODUCTS_DIR; };
		101AC6DF280C474400B3F87E /* AlamofireNetwork.app */ = {isa = PBXFileReference; explicitFileType = wrapper.application; includeInIndex = 0; path = AlamofireNetwork.app; sourceTree = BUILT_PRODUCTS_DIR; };
		101AC6E2280C474400B3F87E /* AppDelegate.swift */ = {isa = PBXFileReference; lastKnownFileType = sourcecode.swift; path = AppDelegate.swift; sourceTree = "<group>"; };
		101AC6E4280C474400B3F87E /* SceneDelegate.swift */ = {isa = PBXFileReference; lastKnownFileType = sourcecode.swift; path = SceneDelegate.swift; sourceTree = "<group>"; };
		101AC6E6280C474400B3F87E /* ViewController.swift */ = {isa = PBXFileReference; lastKnownFileType = sourcecode.swift; path = ViewController.swift; sourceTree = "<group>"; };
		101AC6E9280C474400B3F87E /* Base */ = {isa = PBXFileReference; lastKnownFileType = file.storyboard; name = Base; path = Base.lproj/Main.storyboard; sourceTree = "<group>"; };
		101AC6EB280C474500B3F87E /* Assets.xcassets */ = {isa = PBXFileReference; lastKnownFileType = folder.assetcatalog; path = Assets.xcassets; sourceTree = "<group>"; };
		101AC6EE280C474500B3F87E /* Base */ = {isa = PBXFileReference; lastKnownFileType = file.storyboard; name = Base; path = Base.lproj/LaunchScreen.storyboard; sourceTree = "<group>"; };
		101AC6F0280C474500B3F87E /* Info.plist */ = {isa = PBXFileReference; lastKnownFileType = text.plist.xml; path = Info.plist; sourceTree = "<group>"; };
		5F79F4505E716F22E430B662 /* Pods-AlamofireNetwork.release.xcconfig */ = {isa = PBXFileReference; includeInIndex = 1; lastKnownFileType = text.xcconfig; name = "Pods-AlamofireNetwork.release.xcconfig"; path = "Target Support Files/Pods-AlamofireNetwork/Pods-AlamofireNetwork.release.xcconfig"; sourceTree = "<group>"; };
		E7D3078E43BBBE173AB7E1E5 /* Pods-AlamofireNetwork.debug.xcconfig */ = {isa = PBXFileReference; includeInIndex = 1; lastKnownFileType = text.xcconfig; name = "Pods-AlamofireNetwork.debug.xcconfig"; path = "Target Support Files/Pods-AlamofireNetwork/Pods-AlamofireNetwork.debug.xcconfig"; sourceTree = "<group>"; };
/* End PBXFileReference section */

/* Begin PBXFrameworksBuildPhase section */
		101AC6DC280C474400B3F87E /* Frameworks */ = {
			isa = PBXFrameworksBuildPhase;
			buildActionMask = 2147483647;
			files = (
				E2A614D10D4D553DC4B1AB6F /* Pods_AlamofireNetwork.framework in Frameworks */,
			);
			runOnlyForDeploymentPostprocessing = 0;
		};
/* End PBXFrameworksBuildPhase section */

/* Begin PBXGroup section */
		101AC6D6280C474400B3F87E = {
			isa = PBXGroup;
			children = (
				101AC6E1280C474400B3F87E /* AlamofireNetwork */,
				101AC6E0280C474400B3F87E /* Products */,
				EF2C2D13751111C094BCFBAD /* Pods */,
				E2E3E52EFFC2AD4BB0B7C332 /* Frameworks */,
			);
			sourceTree = "<group>";
		};
		101AC6E0280C474400B3F87E /* Products */ = {
			isa = PBXGroup;
			children = (
				101AC6DF280C474400B3F87E /* AlamofireNetwork.app */,
			);
			name = Products;
			sourceTree = "<group>";
		};
		101AC6E1280C474400B3F87E /* AlamofireNetwork */ = {
			isa = PBXGroup;
			children = (
				101AC6E2280C474400B3F87E /* AppDelegate.swift */,
				101AC6E4280C474400B3F87E /* SceneDelegate.swift */,
				101AC6E6280C474400B3F87E /* ViewController.swift */,
				101AC6E8280C474400B3F87E /* Main.storyboard */,
				101AC6EB280C474500B3F87E /* Assets.xcassets */,
				101AC6ED280C474500B3F87E /* LaunchScreen.storyboard */,
				101AC6F0280C474500B3F87E /* Info.plist */,
			);
			path = AlamofireNetwork;
			sourceTree = "<group>";
		};
		E2E3E52EFFC2AD4BB0B7C332 /* Frameworks */ = {
			isa = PBXGroup;
			children = (
				0619FC8A6A7527655B3EDF41 /* Pods_AlamofireNetwork.framework */,
			);
			name = Frameworks;
			sourceTree = "<group>";
		};
		EF2C2D13751111C094BCFBAD /* Pods */ = {
			isa = PBXGroup;
			children = (
				E7D3078E43BBBE173AB7E1E5 /* Pods-AlamofireNetwork.debug.xcconfig */,
				5F79F4505E716F22E430B662 /* Pods-AlamofireNetwork.release.xcconfig */,
			);
			name = Pods;
			path = Pods;
			sourceTree = "<group>";
		};
/* End PBXGroup section */

/* Begin PBXNativeTarget section */
		101AC6DE280C474400B3F87E /* AlamofireNetwork */ = {
			isa = PBXNativeTarget;
			buildConfigurationList = 101AC6F3280C474500B3F87E /* Build configuration list for PBXNativeTarget "AlamofireNetwork" */;
			buildPhases = (
				C4D44CFCFC170EA17040431C /* [CP] Check Pods Manifest.lock */,
				101AC6DB280C474400B3F87E /* Sources */,
				101AC6DC280C474400B3F87E /* Frameworks */,
				101AC6DD280C474400B3F87E /* Resources */,
				4C68F7E0465397DF60C57077 /* [CP] Embed Pods Frameworks */,
			);
			buildRules = (
			);
			dependencies = (
			);
			name = AlamofireNetwork;
			productName = AlamofireNetwork;
			productReference = 101AC6DF280C474400B3F87E /* AlamofireNetwork.app */;
			productType = "com.apple.product-type.application";
		};
/* End PBXNativeTarget section */

/* Begin PBXProject section */
		101AC6D7280C474400B3F87E /* Project object */ = {
			isa = PBXProject;
			attributes = {
				BuildIndependentTargetsInParallel = 1;
				LastSwiftUpdateCheck = 1320;
				LastUpgradeCheck = 1320;
				TargetAttributes = {
					101AC6DE280C474400B3F87E = {
						CreatedOnToolsVersion = 13.2.1;
					};
				};
			};
			buildConfigurationList = 101AC6DA280C474400B3F87E /* Build configuration list for PBXProject "AlamofireNetwork" */;
			compatibilityVersion = "Xcode 13.0";
			developmentRegion = en;
			hasScannedForEncodings = 0;
			knownRegions = (
				en,
				Base,
			);
			mainGroup = 101AC6D6280C474400B3F87E;
			productRefGroup = 101AC6E0280C474400B3F87E /* Products */;
			projectDirPath = "";
			projectRoot = "";
			targets = (
				101AC6DE280C474400B3F87E /* AlamofireNetwork */,
			);
		};
/* End PBXProject section */

/* Begin PBXResourcesBuildPhase section */
		101AC6DD280C474400B3F87E /* Resources */ = {
			isa = PBXResourcesBuildPhase;
			buildActionMask = 2147483647;
			files = (
				101AC6EF280C474500B3F87E /* LaunchScreen.storyboard in Resources */,
				101AC6EC280C474500B3F87E /* Assets.xcassets in Resources */,
				101AC6EA280C474400B3F87E /* Main.storyboard in Resources */,
			);
			runOnlyForDeploymentPostprocessing = 0;
		};
/* End PBXResourcesBuildPhase section */

/* Begin PBXShellScriptBuildPhase section */
		4C68F7E0465397DF60C57077 /* [CP] Embed Pods Frameworks */ = {
			isa = PBXShellScriptBuildPhase;
			buildActionMask = 2147483647;
			files = (
			);
			inputFileListPaths = (
				"${PODS_ROOT}/Target Support Files/Pods-AlamofireNetwork/Pods-AlamofireNetwork-frameworks-${CONFIGURATION}-input-files.xcfilelist",
			);
			name = "[CP] Embed Pods Frameworks";
			outputFileListPaths = (
				"${PODS_ROOT}/Target Support Files/Pods-AlamofireNetwork/Pods-AlamofireNetwork-frameworks-${CONFIGURATION}-output-files.xcfilelist",
			);
			runOnlyForDeploymentPostprocessing = 0;
			shellPath = /bin/sh;
			shellScript = "\"${PODS_ROOT}/Target Support Files/Pods-AlamofireNetwork/Pods-AlamofireNetwork-frameworks.sh\"\n";
			showEnvVarsInLog = 0;
		};
		C4D44CFCFC170EA17040431C /* [CP] Check Pods Manifest.lock */ = {
			isa = PBXShellScriptBuildPhase;
			buildActionMask = 2147483647;
			files = (
			);
			inputFileListPaths = (
			);
			inputPaths = (
				"${PODS_PODFILE_DIR_PATH}/Podfile.lock",
				"${PODS_ROOT}/Manifest.lock",
			);
			name = "[CP] Check Pods Manifest.lock";
			outputFileListPaths = (
			);
			outputPaths = (
				"$(DERIVED_FILE_DIR)/Pods-AlamofireNetwork-checkManifestLockResult.txt",
			);
			runOnlyForDeploymentPostprocessing = 0;
			shellPath = /bin/sh;
			shellScript = "diff \"${PODS_PODFILE_DIR_PATH}/Podfile.lock\" \"${PODS_ROOT}/Manifest.lock\" > /dev/null\nif [ $? != 0 ] ; then\n    # print error to STDERR\n    echo \"error: The sandbox is not in sync with the Podfile.lock. Run 'pod install' or update your CocoaPods installation.\" >&2\n    exit 1\nfi\n# This output is used by Xcode 'outputs' to avoid re-running this script phase.\necho \"SUCCESS\" > \"${SCRIPT_OUTPUT_FILE_0}\"\n";
			showEnvVarsInLog = 0;
		};
/* End PBXShellScriptBuildPhase section */

/* Begin PBXSourcesBuildPhase section */
		101AC6DB280C474400B3F87E /* Sources */ = {
			isa = PBXSourcesBuildPhase;
			buildActionMask = 2147483647;
			files = (
				101AC6E7280C474400B3F87E /* ViewController.swift in Sources */,
				101AC6E3280C474400B3F87E /* AppDelegate.swift in Sources */,
				101AC6E5280C474400B3F87E /* SceneDelegate.swift in Sources */,
			);
			runOnlyForDeploymentPostprocessing = 0;
		};
/* End PBXSourcesBuildPhase section */

/* Begin PBXVariantGroup section */
		101AC6E8280C474400B3F87E /* Main.storyboard */ = {
			isa = PBXVariantGroup;
			children = (
				101AC6E9280C474400B3F87E /* Base */,
			);
			name = Main.storyboard;
			sourceTree = "<group>";
		};
		101AC6ED280C474500B3F87E /* LaunchScreen.storyboard */ = {
			isa = PBXVariantGroup;
			children = (
				101AC6EE280C474500B3F87E /* Base */,
			);
			name = LaunchScreen.storyboard;
			sourceTree = "<group>";
		};
/* End PBXVariantGroup section */

/* Begin XCBuildConfiguration section */
		101AC6F1280C474500B3F87E /* Debug */ = {
			isa = XCBuildConfiguration;
			buildSettings = {
				ALWAYS_SEARCH_USER_PATHS = NO;
				CLANG_ANALYZER_NONNULL = YES;
				CLANG_ANALYZER_NUMBER_OBJECT_CONVERSION = YES_AGGRESSIVE;
				CLANG_CXX_LANGUAGE_STANDARD = "gnu++17";
				CLANG_CXX_LIBRARY = "libc++";
				CLANG_ENABLE_MODULES = YES;
				CLANG_ENABLE_OBJC_ARC = YES;
				CLANG_ENABLE_OBJC_WEAK = YES;
				CLANG_WARN_BLOCK_CAPTURE_AUTORELEASING = YES;
				CLANG_WARN_BOOL_CONVERSION = YES;
				CLANG_WARN_COMMA = YES;
				CLANG_WARN_CONSTANT_CONVERSION = YES;
				CLANG_WARN_DEPRECATED_OBJC_IMPLEMENTATIONS = YES;
				CLANG_WARN_DIRECT_OBJC_ISA_USAGE = YES_ERROR;
				CLANG_WARN_DOCUMENTATION_COMMENTS = YES;
				CLANG_WARN_EMPTY_BODY = YES;
				CLANG_WARN_ENUM_CONVERSION = YES;
				CLANG_WARN_INFINITE_RECURSION = YES;
				CLANG_WARN_INT_CONVERSION = YES;
				CLANG_WARN_NON_LITERAL_NULL_CONVERSION = YES;
				CLANG_WARN_OBJC_IMPLICIT_RETAIN_SELF = YES;
				CLANG_WARN_OBJC_LITERAL_CONVERSION = YES;
				CLANG_WARN_OBJC_ROOT_CLASS = YES_ERROR;
				CLANG_WARN_QUOTED_INCLUDE_IN_FRAMEWORK_HEADER = YES;
				CLANG_WARN_RANGE_LOOP_ANALYSIS = YES;
				CLANG_WARN_STRICT_PROTOTYPES = YES;
				CLANG_WARN_SUSPICIOUS_MOVE = YES;
				CLANG_WARN_UNGUARDED_AVAILABILITY = YES_AGGRESSIVE;
				CLANG_WARN_UNREACHABLE_CODE = YES;
				CLANG_WARN__DUPLICATE_METHOD_MATCH = YES;
				COPY_PHASE_STRIP = NO;
				DEBUG_INFORMATION_FORMAT = dwarf;
				ENABLE_STRICT_OBJC_MSGSEND = YES;
				ENABLE_TESTABILITY = YES;
				GCC_C_LANGUAGE_STANDARD = gnu11;
				GCC_DYNAMIC_NO_PIC = NO;
				GCC_NO_COMMON_BLOCKS = YES;
				GCC_OPTIMIZATION_LEVEL = 0;
				GCC_PREPROCESSOR_DEFINITIONS = (
					"DEBUG=1",
					"$(inherited)",
				);
				GCC_WARN_64_TO_32_BIT_CONVERSION = YES;
				GCC_WARN_ABOUT_RETURN_TYPE = YES_ERROR;
				GCC_WARN_UNDECLARED_SELECTOR = YES;
				GCC_WARN_UNINITIALIZED_AUTOS = YES_AGGRESSIVE;
				GCC_WARN_UNUSED_FUNCTION = YES;
				GCC_WARN_UNUSED_VARIABLE = YES;
				IPHONEOS_DEPLOYMENT_TARGET = 15.2;
				MTL_ENABLE_DEBUG_INFO = INCLUDE_SOURCE;
				MTL_FAST_MATH = YES;
				ONLY_ACTIVE_ARCH = YES;
				SDKROOT = iphoneos;
				SWIFT_ACTIVE_COMPILATION_CONDITIONS = DEBUG;
				SWIFT_OPTIMIZATION_LEVEL = "-Onone";
			};
			name = Debug;
		};
		101AC6F2280C474500B3F87E /* Release */ = {
			isa = XCBuildConfiguration;
			buildSettings = {
				ALWAYS_SEARCH_USER_PATHS = NO;
				CLANG_ANALYZER_NONNULL = YES;
				CLANG_ANALYZER_NUMBER_OBJECT_CONVERSION = YES_AGGRESSIVE;
				CLANG_CXX_LANGUAGE_STANDARD = "gnu++17";
				CLANG_CXX_LIBRARY = "libc++";
				CLANG_ENABLE_MODULES = YES;
				CLANG_ENABLE_OBJC_ARC = YES;
				CLANG_ENABLE_OBJC_WEAK = YES;
				CLANG_WARN_BLOCK_CAPTURE_AUTORELEASING = YES;
				CLANG_WARN_BOOL_CONVERSION = YES;
				CLANG_WARN_COMMA = YES;
				CLANG_WARN_CONSTANT_CONVERSION = YES;
				CLANG_WARN_DEPRECATED_OBJC_IMPLEMENTATIONS = YES;
				CLANG_WARN_DIRECT_OBJC_ISA_USAGE = YES_ERROR;
				CLANG_WARN_DOCUMENTATION_COMMENTS = YES;
				CLANG_WARN_EMPTY_BODY = YES;
				CLANG_WARN_ENUM_CONVERSION = YES;
				CLANG_WARN_INFINITE_RECURSION = YES;
				CLANG_WARN_INT_CONVERSION = YES;
				CLANG_WARN_NON_LITERAL_NULL_CONVERSION = YES;
				CLANG_WARN_OBJC_IMPLICIT_RETAIN_SELF = YES;
				CLANG_WARN_OBJC_LITERAL_CONVERSION = YES;
				CLANG_WARN_OBJC_ROOT_CLASS = YES_ERROR;
				CLANG_WARN_QUOTED_INCLUDE_IN_FRAMEWORK_HEADER = YES;
				CLANG_WARN_RANGE_LOOP_ANALYSIS = YES;
				CLANG_WARN_STRICT_PROTOTYPES = YES;
				CLANG_WARN_SUSPICIOUS_MOVE = YES;
				CLANG_WARN_UNGUARDED_AVAILABILITY = YES_AGGRESSIVE;
				CLANG_WARN_UNREACHABLE_CODE = YES;
				CLANG_WARN__DUPLICATE_METHOD_MATCH = YES;
				COPY_PHASE_STRIP = NO;
				DEBUG_INFORMATION_FORMAT = "dwarf-with-dsym";
				ENABLE_NS_ASSERTIONS = NO;
				ENABLE_STRICT_OBJC_MSGSEND = YES;
				GCC_C_LANGUAGE_STANDARD = gnu11;
				GCC_NO_COMMON_BLOCKS = YES;
				GCC_WARN_64_TO_32_BIT_CONVERSION = YES;
				GCC_WARN_ABOUT_RETURN_TYPE = YES_ERROR;
				GCC_WARN_UNDECLARED_SELECTOR = YES;
				GCC_WARN_UNINITIALIZED_AUTOS = YES_AGGRESSIVE;
				GCC_WARN_UNUSED_FUNCTION = YES;
				GCC_WARN_UNUSED_VARIABLE = YES;
				IPHONEOS_DEPLOYMENT_TARGET = 15.2;
				MTL_ENABLE_DEBUG_INFO = NO;
				MTL_FAST_MATH = YES;
				SDKROOT = iphoneos;
				SWIFT_COMPILATION_MODE = wholemodule;
				SWIFT_OPTIMIZATION_LEVEL = "-O";
				VALIDATE_PRODUCT = YES;
			};
			name = Release;
		};
		101AC6F4280C474500B3F87E /* Debug */ = {
			isa = XCBuildConfiguration;
			baseConfigurationReference = E7D3078E43BBBE173AB7E1E5 /* Pods-AlamofireNetwork.debug.xcconfig */;
			buildSettings = {
				ASSETCATALOG_COMPILER_APPICON_NAME = AppIcon;
				ASSETCATALOG_COMPILER_GLOBAL_ACCENT_COLOR_NAME = AccentColor;
				CODE_SIGN_STYLE = Automatic;
				CURRENT_PROJECT_VERSION = 1;
				DEVELOPMENT_TEAM = 94V5P5DARW;
				GENERATE_INFOPLIST_FILE = YES;
				INFOPLIST_FILE = AlamofireNetwork/Info.plist;
				INFOPLIST_KEY_UIApplicationSupportsIndirectInputEvents = YES;
				INFOPLIST_KEY_UILaunchStoryboardName = LaunchScreen;
				INFOPLIST_KEY_UIMainStoryboardFile = Main;
				INFOPLIST_KEY_UISupportedInterfaceOrientations_iPad = "UIInterfaceOrientationPortrait UIInterfaceOrientationPortraitUpsideDown UIInterfaceOrientationLandscapeLeft UIInterfaceOrientationLandscapeRight";
				INFOPLIST_KEY_UISupportedInterfaceOrientations_iPhone = "UIInterfaceOrientationPortrait UIInterfaceOrientationLandscapeLeft UIInterfaceOrientationLandscapeRight";
				LD_RUNPATH_SEARCH_PATHS = (
					"$(inherited)",
					"@executable_path/Frameworks",
				);
				MARKETING_VERSION = 1.0;
				PRODUCT_BUNDLE_IDENTIFIER = halilkrkn.AlamofireNetwork;
				PRODUCT_NAME = "$(TARGET_NAME)";
				SWIFT_EMIT_LOC_STRINGS = YES;
				SWIFT_VERSION = 5.0;
				TARGETED_DEVICE_FAMILY = "1,2";
			};
			name = Debug;
		};
		101AC6F5280C474500B3F87E /* Release */ = {
			isa = XCBuildConfiguration;
			baseConfigurationReference = 5F79F4505E716F22E430B662 /* Pods-AlamofireNetwork.release.xcconfig */;
			buildSettings = {
				ASSETCATALOG_COMPILER_APPICON_NAME = AppIcon;
				ASSETCATALOG_COMPILER_GLOBAL_ACCENT_COLOR_NAME = AccentColor;
				CODE_SIGN_STYLE = Automatic;
				CURRENT_PROJECT_VERSION = 1;
				DEVELOPMENT_TEAM = 94V5P5DARW;
				GENERATE_INFOPLIST_FILE = YES;
				INFOPLIST_FILE = AlamofireNetwork/Info.plist;
				INFOPLIST_KEY_UIApplicationSupportsIndirectInputEvents = YES;
				INFOPLIST_KEY_UILaunchStoryboardName = LaunchScreen;
				INFOPLIST_KEY_UIMainStoryboardFile = Main;
				INFOPLIST_KEY_UISupportedInterfaceOrientations_iPad = "UIInterfaceOrientationPortrait UIInterfaceOrientationPortraitUpsideDown UIInterfaceOrientationLandscapeLeft UIInterfaceOrientationLandscapeRight";
				INFOPLIST_KEY_UISupportedInterfaceOrientations_iPhone = "UIInterfaceOrientationPortrait UIInterfaceOrientationLandscapeLeft UIInterfaceOrientationLandscapeRight";
				LD_RUNPATH_SEARCH_PATHS = (
					"$(inherited)",
					"@executable_path/Frameworks",
				);
				MARKETING_VERSION = 1.0;
				PRODUCT_BUNDLE_IDENTIFIER = halilkrkn.AlamofireNetwork;
				PRODUCT_NAME = "$(TARGET_NAME)";
				SWIFT_EMIT_LOC_STRINGS = YES;
				SWIFT_VERSION = 5.0;
				TARGETED_DEVICE_FAMILY = "1,2";
			};
			name = Release;
		};
/* End XCBuildConfiguration section */

/* Begin XCConfigurationList section */
		101AC6DA280C474400B3F87E /* Build configuration list for PBXProject "AlamofireNetwork" */ = {
			isa = XCConfigurationList;
			buildConfigurations = (
				101AC6F1280C474500B3F87E /* Debug */,
				101AC6F2280C474500B3F87E /* Release */,
			);
			defaultConfigurationIsVisible = 0;
			defaultConfigurationName = Release;
		};
		101AC6F3280C474500B3F87E /* Build configuration list for PBXNativeTarget "AlamofireNetwork" */ = {
			isa = XCConfigurationList;
			buildConfigurations = (
				101AC6F4280C474500B3F87E /* Debug */,
				101AC6F5280C474500B3F87E /* Release */,
			);
			defaultConfigurationIsVisible = 0;
			defaultConfigurationName = Release;
		};
/* End XCConfigurationList section */
	};
	rootObject = 101AC6D7280C474400B3F87E /* Project object */;
}
