// !$*UTF8*$!
{
	archiveVersion = 1;
	classes = {
	};
	objectVersion = 55;
	objects = {

/* Begin PBXBuildFile section */
		10D80DCC280ACE8F00B5988A /* AppDelegate.swift in Sources */ = {isa = PBXBuildFile; fileRef = 10D80DCB280ACE8F00B5988A /* AppDelegate.swift */; };
		10D80DCE280ACE8F00B5988A /* SceneDelegate.swift in Sources */ = {isa = PBXBuildFile; fileRef = 10D80DCD280ACE8F00B5988A /* SceneDelegate.swift */; };
		10D80DD0280ACE8F00B5988A /* ViewController.swift in Sources */ = {isa = PBXBuildFile; fileRef = 10D80DCF280ACE8F00B5988A /* ViewController.swift */; };
		10D80DD3280ACE8F00B5988A /* Main.storyboard in Resources */ = {isa = PBXBuildFile; fileRef = 10D80DD1280ACE8F00B5988A /* Main.storyboard */; };
		10D80DD5280ACE9100B5988A /* Assets.xcassets in Resources */ = {isa = PBXBuildFile; fileRef = 10D80DD4280ACE9100B5988A /* Assets.xcassets */; };
		10D80DD8280ACE9100B5988A /* LaunchScreen.storyboard in Resources */ = {isa = PBXBuildFile; fileRef = 10D80DD6280ACE9100B5988A /* LaunchScreen.storyboard */; };
		606B93FCC28246B747F09A28 /* Pods_CocoaPods.framework in Frameworks */ = {isa = PBXBuildFile; fileRef = 03191A6F7B4A45915154BAAD /* Pods_CocoaPods.framework */; };
/* End PBXBuildFile section */

/* Begin PBXFileReference section */
		03191A6F7B4A45915154BAAD /* Pods_CocoaPods.framework */ = {isa = PBXFileReference; explicitFileType = wrapper.framework; includeInIndex = 0; path = Pods_CocoaPods.framework; sourceTree = BUILT_PRODUCTS_DIR; };
		10D80DC8280ACE8F00B5988A /* CocoaPods.app */ = {isa = PBXFileReference; explicitFileType = wrapper.application; includeInIndex = 0; path = CocoaPods.app; sourceTree = BUILT_PRODUCTS_DIR; };
		10D80DCB280ACE8F00B5988A /* AppDelegate.swift */ = {isa = PBXFileReference; lastKnownFileType = sourcecode.swift; path = AppDelegate.swift; sourceTree = "<group>"; };
		10D80DCD280ACE8F00B5988A /* SceneDelegate.swift */ = {isa = PBXFileReference; lastKnownFileType = sourcecode.swift; path = SceneDelegate.swift; sourceTree = "<group>"; };
		10D80DCF280ACE8F00B5988A /* ViewController.swift */ = {isa = PBXFileReference; lastKnownFileType = sourcecode.swift; path = ViewController.swift; sourceTree = "<group>"; };
		10D80DD2280ACE8F00B5988A /* Base */ = {isa = PBXFileReference; lastKnownFileType = file.storyboard; name = Base; path = Base.lproj/Main.storyboard; sourceTree = "<group>"; };
		10D80DD4280ACE9100B5988A /* Assets.xcassets */ = {isa = PBXFileReference; lastKnownFileType = folder.assetcatalog; path = Assets.xcassets; sourceTree = "<group>"; };
		10D80DD7280ACE9100B5988A /* Base */ = {isa = PBXFileReference; lastKnownFileType = file.storyboard; name = Base; path = Base.lproj/LaunchScreen.storyboard; sourceTree = "<group>"; };
		10D80DD9280ACE9100B5988A /* Info.plist */ = {isa = PBXFileReference; lastKnownFileType = text.plist.xml; path = Info.plist; sourceTree = "<group>"; };
		80337B1200D51B7AC9844A7D /* Pods-CocoaPods.debug.xcconfig */ = {isa = PBXFileReference; includeInIndex = 1; lastKnownFileType = text.xcconfig; name = "Pods-CocoaPods.debug.xcconfig"; path = "Target Support Files/Pods-CocoaPods/Pods-CocoaPods.debug.xcconfig"; sourceTree = "<group>"; };
		D8DF0E02C4BEA08E1B784F97 /* Pods-CocoaPods.release.xcconfig */ = {isa = PBXFileReference; includeInIndex = 1; lastKnownFileType = text.xcconfig; name = "Pods-CocoaPods.release.xcconfig"; path = "Target Support Files/Pods-CocoaPods/Pods-CocoaPods.release.xcconfig"; sourceTree = "<group>"; };
/* End PBXFileReference section */

/* Begin PBXFrameworksBuildPhase section */
		10D80DC5280ACE8F00B5988A /* Frameworks */ = {
			isa = PBXFrameworksBuildPhase;
			buildActionMask = 2147483647;
			files = (
				606B93FCC28246B747F09A28 /* Pods_CocoaPods.framework in Frameworks */,
			);
			runOnlyForDeploymentPostprocessing = 0;
		};
/* End PBXFrameworksBuildPhase section */

/* Begin PBXGroup section */
		0EFF81F48FD182E3628AC8C1 /* Frameworks */ = {
			isa = PBXGroup;
			children = (
				03191A6F7B4A45915154BAAD /* Pods_CocoaPods.framework */,
			);
			name = Frameworks;
			sourceTree = "<group>";
		};
		10D80DBF280ACE8F00B5988A = {
			isa = PBXGroup;
			children = (
				10D80DCA280ACE8F00B5988A /* CocoaPods */,
				10D80DC9280ACE8F00B5988A /* Products */,
				E655297598E7BE31E55C3C15 /* Pods */,
				0EFF81F48FD182E3628AC8C1 /* Frameworks */,
			);
			sourceTree = "<group>";
		};
		10D80DC9280ACE8F00B5988A /* Products */ = {
			isa = PBXGroup;
			children = (
				10D80DC8280ACE8F00B5988A /* CocoaPods.app */,
			);
			name = Products;
			sourceTree = "<group>";
		};
		10D80DCA280ACE8F00B5988A /* CocoaPods */ = {
			isa = PBXGroup;
			children = (
				10D80DCB280ACE8F00B5988A /* AppDelegate.swift */,
				10D80DCD280ACE8F00B5988A /* SceneDelegate.swift */,
				10D80DCF280ACE8F00B5988A /* ViewController.swift */,
				10D80DD1280ACE8F00B5988A /* Main.storyboard */,
				10D80DD4280ACE9100B5988A /* Assets.xcassets */,
				10D80DD6280ACE9100B5988A /* LaunchScreen.storyboard */,
				10D80DD9280ACE9100B5988A /* Info.plist */,
			);
			path = CocoaPods;
			sourceTree = "<group>";
		};
		E655297598E7BE31E55C3C15 /* Pods */ = {
			isa = PBXGroup;
			children = (
				80337B1200D51B7AC9844A7D /* Pods-CocoaPods.debug.xcconfig */,
				D8DF0E02C4BEA08E1B784F97 /* Pods-CocoaPods.release.xcconfig */,
			);
			name = Pods;
			path = Pods;
			sourceTree = "<group>";
		};
/* End PBXGroup section */

/* Begin PBXNativeTarget section */
		10D80DC7280ACE8F00B5988A /* CocoaPods */ = {
			isa = PBXNativeTarget;
			buildConfigurationList = 10D80DDC280ACE9100B5988A /* Build configuration list for PBXNativeTarget "CocoaPods" */;
			buildPhases = (
				FD1F16D24415C305FC372DCE /* [CP] Check Pods Manifest.lock */,
				10D80DC4280ACE8F00B5988A /* Sources */,
				10D80DC5280ACE8F00B5988A /* Frameworks */,
				10D80DC6280ACE8F00B5988A /* Resources */,
				72683C4F35339EBC98377922 /* [CP] Embed Pods Frameworks */,
			);
			buildRules = (
			);
			dependencies = (
			);
			name = CocoaPods;
			productName = CocoaPods;
			productReference = 10D80DC8280ACE8F00B5988A /* CocoaPods.app */;
			productType = "com.apple.product-type.application";
		};
/* End PBXNativeTarget section */

/* Begin PBXProject section */
		10D80DC0280ACE8F00B5988A /* Project object */ = {
			isa = PBXProject;
			attributes = {
				BuildIndependentTargetsInParallel = 1;
				LastSwiftUpdateCheck = 1320;
				LastUpgradeCheck = 1320;
				TargetAttributes = {
					10D80DC7280ACE8F00B5988A = {
						CreatedOnToolsVersion = 13.2.1;
					};
				};
			};
			buildConfigurationList = 10D80DC3280ACE8F00B5988A /* Build configuration list for PBXProject "CocoaPods" */;
			compatibilityVersion = "Xcode 13.0";
			developmentRegion = en;
			hasScannedForEncodings = 0;
			knownRegions = (
				en,
				Base,
			);
			mainGroup = 10D80DBF280ACE8F00B5988A;
			productRefGroup = 10D80DC9280ACE8F00B5988A /* Products */;
			projectDirPath = "";
			projectRoot = "";
			targets = (
				10D80DC7280ACE8F00B5988A /* CocoaPods */,
			);
		};
/* End PBXProject section */

/* Begin PBXResourcesBuildPhase section */
		10D80DC6280ACE8F00B5988A /* Resources */ = {
			isa = PBXResourcesBuildPhase;
			buildActionMask = 2147483647;
			files = (
				10D80DD8280ACE9100B5988A /* LaunchScreen.storyboard in Resources */,
				10D80DD5280ACE9100B5988A /* Assets.xcassets in Resources */,
				10D80DD3280ACE8F00B5988A /* Main.storyboard in Resources */,
			);
			runOnlyForDeploymentPostprocessing = 0;
		};
/* End PBXResourcesBuildPhase section */

/* Begin PBXShellScriptBuildPhase section */
		72683C4F35339EBC98377922 /* [CP] Embed Pods Frameworks */ = {
			isa = PBXShellScriptBuildPhase;
			buildActionMask = 2147483647;
			files = (
			);
			inputFileListPaths = (
				"${PODS_ROOT}/Target Support Files/Pods-CocoaPods/Pods-CocoaPods-frameworks-${CONFIGURATION}-input-files.xcfilelist",
			);
			name = "[CP] Embed Pods Frameworks";
			outputFileListPaths = (
				"${PODS_ROOT}/Target Support Files/Pods-CocoaPods/Pods-CocoaPods-frameworks-${CONFIGURATION}-output-files.xcfilelist",
			);
			runOnlyForDeploymentPostprocessing = 0;
			shellPath = /bin/sh;
			shellScript = "\"${PODS_ROOT}/Target Support Files/Pods-CocoaPods/Pods-CocoaPods-frameworks.sh\"\n";
			showEnvVarsInLog = 0;
		};
		FD1F16D24415C305FC372DCE /* [CP] Check Pods Manifest.lock */ = {
			isa = PBXShellScriptBuildPhase;
			buildActionMask = 2147483647;
			files = (
			);
			inputFileListPaths = (
			);
			inputPaths = (
				"${PODS_PODFILE_DIR_PATH}/Podfile.lock",
				"${PODS_ROOT}/Manifest.lock",
			);
			name = "[CP] Check Pods Manifest.lock";
			outputFileListPaths = (
			);
			outputPaths = (
				"$(DERIVED_FILE_DIR)/Pods-CocoaPods-checkManifestLockResult.txt",
			);
			runOnlyForDeploymentPostprocessing = 0;
			shellPath = /bin/sh;
			shellScript = "diff \"${PODS_PODFILE_DIR_PATH}/Podfile.lock\" \"${PODS_ROOT}/Manifest.lock\" > /dev/null\nif [ $? != 0 ] ; then\n    # print error to STDERR\n    echo \"error: The sandbox is not in sync with the Podfile.lock. Run 'pod install' or update your CocoaPods installation.\" >&2\n    exit 1\nfi\n# This output is used by Xcode 'outputs' to avoid re-running this script phase.\necho \"SUCCESS\" > \"${SCRIPT_OUTPUT_FILE_0}\"\n";
			showEnvVarsInLog = 0;
		};
/* End PBXShellScriptBuildPhase section */

/* Begin PBXSourcesBuildPhase section */
		10D80DC4280ACE8F00B5988A /* Sources */ = {
			isa = PBXSourcesBuildPhase;
			buildActionMask = 2147483647;
			files = (
				10D80DD0280ACE8F00B5988A /* ViewController.swift in Sources */,
				10D80DCC280ACE8F00B5988A /* AppDelegate.swift in Sources */,
				10D80DCE280ACE8F00B5988A /* SceneDelegate.swift in Sources */,
			);
			runOnlyForDeploymentPostprocessing = 0;
		};
/* End PBXSourcesBuildPhase section */

/* Begin PBXVariantGroup section */
		10D80DD1280ACE8F00B5988A /* Main.storyboard */ = {
			isa = PBXVariantGroup;
			children = (
				10D80DD2280ACE8F00B5988A /* Base */,
			);
			name = Main.storyboard;
			sourceTree = "<group>";
		};
		10D80DD6280ACE9100B5988A /* LaunchScreen.storyboard */ = {
			isa = PBXVariantGroup;
			children = (
				10D80DD7280ACE9100B5988A /* Base */,
			);
			name = LaunchScreen.storyboard;
			sourceTree = "<group>";
		};
/* End PBXVariantGroup section */

/* Begin XCBuildConfiguration section */
		10D80DDA280ACE9100B5988A /* Debug */ = {
			isa = XCBuildConfiguration;
			buildSettings = {
				ALWAYS_SEARCH_USER_PATHS = NO;
				CLANG_ANALYZER_NONNULL = YES;
				CLANG_ANALYZER_NUMBER_OBJECT_CONVERSION = YES_AGGRESSIVE;
				CLANG_CXX_LANGUAGE_STANDARD = "gnu++17";
				CLANG_CXX_LIBRARY = "libc++";
				CLANG_ENABLE_MODULES = YES;
				CLANG_ENABLE_OBJC_ARC = YES;
				CLANG_ENABLE_OBJC_WEAK = YES;
				CLANG_WARN_BLOCK_CAPTURE_AUTORELEASING = YES;
				CLANG_WARN_BOOL_CONVERSION = YES;
				CLANG_WARN_COMMA = YES;
				CLANG_WARN_CONSTANT_CONVERSION = YES;
				CLANG_WARN_DEPRECATED_OBJC_IMPLEMENTATIONS = YES;
				CLANG_WARN_DIRECT_OBJC_ISA_USAGE = YES_ERROR;
				CLANG_WARN_DOCUMENTATION_COMMENTS = YES;
				CLANG_WARN_EMPTY_BODY = YES;
				CLANG_WARN_ENUM_CONVERSION = YES;
				CLANG_WARN_INFINITE_RECURSION = YES;
				CLANG_WARN_INT_CONVERSION = YES;
				CLANG_WARN_NON_LITERAL_NULL_CONVERSION = YES;
				CLANG_WARN_OBJC_IMPLICIT_RETAIN_SELF = YES;
				CLANG_WARN_OBJC_LITERAL_CONVERSION = YES;
				CLANG_WARN_OBJC_ROOT_CLASS = YES_ERROR;
				CLANG_WARN_QUOTED_INCLUDE_IN_FRAMEWORK_HEADER = YES;
				CLANG_WARN_RANGE_LOOP_ANALYSIS = YES;
				CLANG_WARN_STRICT_PROTOTYPES = YES;
				CLANG_WARN_SUSPICIOUS_MOVE = YES;
				CLANG_WARN_UNGUARDED_AVAILABILITY = YES_AGGRESSIVE;
				CLANG_WARN_UNREACHABLE_CODE = YES;
				CLANG_WARN__DUPLICATE_METHOD_MATCH = YES;
				COPY_PHASE_STRIP = NO;
				DEBUG_INFORMATION_FORMAT = dwarf;
				ENABLE_STRICT_OBJC_MSGSEND = YES;
				ENABLE_TESTABILITY = YES;
				GCC_C_LANGUAGE_STANDARD = gnu11;
				GCC_DYNAMIC_NO_PIC = NO;
				GCC_NO_COMMON_BLOCKS = YES;
				GCC_OPTIMIZATION_LEVEL = 0;
				GCC_PREPROCESSOR_DEFINITIONS = (
					"DEBUG=1",
					"$(inherited)",
				);
				GCC_WARN_64_TO_32_BIT_CONVERSION = YES;
				GCC_WARN_ABOUT_RETURN_TYPE = YES_ERROR;
				GCC_WARN_UNDECLARED_SELECTOR = YES;
				GCC_WARN_UNINITIALIZED_AUTOS = YES_AGGRESSIVE;
				GCC_WARN_UNUSED_FUNCTION = YES;
				GCC_WARN_UNUSED_VARIABLE = YES;
				IPHONEOS_DEPLOYMENT_TARGET = 15.2;
				MTL_ENABLE_DEBUG_INFO = INCLUDE_SOURCE;
				MTL_FAST_MATH = YES;
				ONLY_ACTIVE_ARCH = YES;
				SDKROOT = iphoneos;
				SWIFT_ACTIVE_COMPILATION_CONDITIONS = DEBUG;
				SWIFT_OPTIMIZATION_LEVEL = "-Onone";
			};
			name = Debug;
		};
		10D80DDB280ACE9100B5988A /* Release */ = {
			isa = XCBuildConfiguration;
			buildSettings = {
				ALWAYS_SEARCH_USER_PATHS = NO;
				CLANG_ANALYZER_NONNULL = YES;
				CLANG_ANALYZER_NUMBER_OBJECT_CONVERSION = YES_AGGRESSIVE;
				CLANG_CXX_LANGUAGE_STANDARD = "gnu++17";
				CLANG_CXX_LIBRARY = "libc++";
				CLANG_ENABLE_MODULES = YES;
				CLANG_ENABLE_OBJC_ARC = YES;
				CLANG_ENABLE_OBJC_WEAK = YES;
				CLANG_WARN_BLOCK_CAPTURE_AUTORELEASING = YES;
				CLANG_WARN_BOOL_CONVERSION = YES;
				CLANG_WARN_COMMA = YES;
				CLANG_WARN_CONSTANT_CONVERSION = YES;
				CLANG_WARN_DEPRECATED_OBJC_IMPLEMENTATIONS = YES;
				CLANG_WARN_DIRECT_OBJC_ISA_USAGE = YES_ERROR;
				CLANG_WARN_DOCUMENTATION_COMMENTS = YES;
				CLANG_WARN_EMPTY_BODY = YES;
				CLANG_WARN_ENUM_CONVERSION = YES;
				CLANG_WARN_INFINITE_RECURSION = YES;
				CLANG_WARN_INT_CONVERSION = YES;
				CLANG_WARN_NON_LITERAL_NULL_CONVERSION = YES;
				CLANG_WARN_OBJC_IMPLICIT_RETAIN_SELF = YES;
				CLANG_WARN_OBJC_LITERAL_CONVERSION = YES;
				CLANG_WARN_OBJC_ROOT_CLASS = YES_ERROR;
				CLANG_WARN_QUOTED_INCLUDE_IN_FRAMEWORK_HEADER = YES;
				CLANG_WARN_RANGE_LOOP_ANALYSIS = YES;
				CLANG_WARN_STRICT_PROTOTYPES = YES;
				CLANG_WARN_SUSPICIOUS_MOVE = YES;
				CLANG_WARN_UNGUARDED_AVAILABILITY = YES_AGGRESSIVE;
				CLANG_WARN_UNREACHABLE_CODE = YES;
				CLANG_WARN__DUPLICATE_METHOD_MATCH = YES;
				COPY_PHASE_STRIP = NO;
				DEBUG_INFORMATION_FORMAT = "dwarf-with-dsym";
				ENABLE_NS_ASSERTIONS = NO;
				ENABLE_STRICT_OBJC_MSGSEND = YES;
				GCC_C_LANGUAGE_STANDARD = gnu11;
				GCC_NO_COMMON_BLOCKS = YES;
				GCC_WARN_64_TO_32_BIT_CONVERSION = YES;
				GCC_WARN_ABOUT_RETURN_TYPE = YES_ERROR;
				GCC_WARN_UNDECLARED_SELECTOR = YES;
				GCC_WARN_UNINITIALIZED_AUTOS = YES_AGGRESSIVE;
				GCC_WARN_UNUSED_FUNCTION = YES;
				GCC_WARN_UNUSED_VARIABLE = YES;
				IPHONEOS_DEPLOYMENT_TARGET = 15.2;
				MTL_ENABLE_DEBUG_INFO = NO;
				MTL_FAST_MATH = YES;
				SDKROOT = iphoneos;
				SWIFT_COMPILATION_MODE = wholemodule;
				SWIFT_OPTIMIZATION_LEVEL = "-O";
				VALIDATE_PRODUCT = YES;
			};
			name = Release;
		};
		10D80DDD280ACE9100B5988A /* Debug */ = {
			isa = XCBuildConfiguration;
			baseConfigurationReference = 80337B1200D51B7AC9844A7D /* Pods-CocoaPods.debug.xcconfig */;
			buildSettings = {
				ASSETCATALOG_COMPILER_APPICON_NAME = AppIcon;
				ASSETCATALOG_COMPILER_GLOBAL_ACCENT_COLOR_NAME = AccentColor;
				CODE_SIGN_STYLE = Automatic;
				CURRENT_PROJECT_VERSION = 1;
				DEVELOPMENT_TEAM = 94V5P5DARW;
				GENERATE_INFOPLIST_FILE = YES;
				INFOPLIST_FILE = CocoaPods/Info.plist;
				INFOPLIST_KEY_UIApplicationSupportsIndirectInputEvents = YES;
				INFOPLIST_KEY_UILaunchStoryboardName = LaunchScreen;
				INFOPLIST_KEY_UIMainStoryboardFile = Main;
				INFOPLIST_KEY_UISupportedInterfaceOrientations_iPad = "UIInterfaceOrientationPortrait UIInterfaceOrientationPortraitUpsideDown UIInterfaceOrientationLandscapeLeft UIInterfaceOrientationLandscapeRight";
				INFOPLIST_KEY_UISupportedInterfaceOrientations_iPhone = "UIInterfaceOrientationPortrait UIInterfaceOrientationLandscapeLeft UIInterfaceOrientationLandscapeRight";
				LD_RUNPATH_SEARCH_PATHS = (
					"$(inherited)",
					"@executable_path/Frameworks",
				);
				MARKETING_VERSION = 1.0;
				PRODUCT_BUNDLE_IDENTIFIER = halilkrkn.CocoaPods;
				PRODUCT_NAME = "$(TARGET_NAME)";
				SWIFT_EMIT_LOC_STRINGS = YES;
				SWIFT_VERSION = 5.0;
				TARGETED_DEVICE_FAMILY = "1,2";
			};
			name = Debug;
		};
		10D80DDE280ACE9100B5988A /* Release */ = {
			isa = XCBuildConfiguration;
			baseConfigurationReference = D8DF0E02C4BEA08E1B784F97 /* Pods-CocoaPods.release.xcconfig */;
			buildSettings = {
				ASSETCATALOG_COMPILER_APPICON_NAME = AppIcon;
				ASSETCATALOG_COMPILER_GLOBAL_ACCENT_COLOR_NAME = AccentColor;
				CODE_SIGN_STYLE = Automatic;
				CURRENT_PROJECT_VERSION = 1;
				DEVELOPMENT_TEAM = 94V5P5DARW;
				GENERATE_INFOPLIST_FILE = YES;
				INFOPLIST_FILE = CocoaPods/Info.plist;
				INFOPLIST_KEY_UIApplicationSupportsIndirectInputEvents = YES;
				INFOPLIST_KEY_UILaunchStoryboardName = LaunchScreen;
				INFOPLIST_KEY_UIMainStoryboardFile = Main;
				INFOPLIST_KEY_UISupportedInterfaceOrientations_iPad = "UIInterfaceOrientationPortrait UIInterfaceOrientationPortraitUpsideDown UIInterfaceOrientationLandscapeLeft UIInterfaceOrientationLandscapeRight";
				INFOPLIST_KEY_UISupportedInterfaceOrientations_iPhone = "UIInterfaceOrientationPortrait UIInterfaceOrientationLandscapeLeft UIInterfaceOrientationLandscapeRight";
				LD_RUNPATH_SEARCH_PATHS = (
					"$(inherited)",
					"@executable_path/Frameworks",
				);
				MARKETING_VERSION = 1.0;
				PRODUCT_BUNDLE_IDENTIFIER = halilkrkn.CocoaPods;
				PRODUCT_NAME = "$(TARGET_NAME)";
				SWIFT_EMIT_LOC_STRINGS = YES;
				SWIFT_VERSION = 5.0;
				TARGETED_DEVICE_FAMILY = "1,2";
			};
			name = Release;
		};
/* End XCBuildConfiguration section */

/* Begin XCConfigurationList section */
		10D80DC3280ACE8F00B5988A /* Build configuration list for PBXProject "CocoaPods" */ = {
			isa = XCConfigurationList;
			buildConfigurations = (
				10D80DDA280ACE9100B5988A /* Debug */,
				10D80DDB280ACE9100B5988A /* Release */,
			);
			defaultConfigurationIsVisible = 0;
			defaultConfigurationName = Release;
		};
		10D80DDC280ACE9100B5988A /* Build configuration list for PBXNativeTarget "CocoaPods" */ = {
			isa = XCConfigurationList;
			buildConfigurations = (
				10D80DDD280ACE9100B5988A /* Debug */,
				10D80DDE280ACE9100B5988A /* Release */,
			);
			defaultConfigurationIsVisible = 0;
			defaultConfigurationName = Release;
		};
/* End XCConfigurationList section */
	};
	rootObject = 10D80DC0280ACE8F00B5988A /* Project object */;
}
